
Microsoft Visual Studio Solution File, Format Version 12.00
# Visual Studio Version 17
VisualStudioVersion = 17.3.32929.385
MinimumVisualStudioVersion = 10.0.40219.1
Project("{2150E333-8FDC-42A3-9474-1A3956D46DE8}") = "src", "src", "{4AD9A930-DC80-4384-B2CC-EF57A63D4F7E}"
EndProject
Project("{FAE04EC0-301F-11D3-BF4B-00C04F79EFBC}") = "Mamba.Core", "Mamba.Core\Mamba.Core.csproj", "{99A70A94-3AD4-4192-B61F-45DDE215BEF8}"
EndProject
Project("{FAE04EC0-301F-11D3-BF4B-00C04F79EFBC}") = "Mamba.Data", "Mamba.Data\Mamba.Data.csproj", "{538F9E4C-CDCE-4C87-BBAD-3C40CDDAD326}"
EndProject
Project("{FAE04EC0-301F-11D3-BF4B-00C04F79EFBC}") = "Mamba.Business", "Mamba.Business\Mamba.Business.csproj", "{2955A68A-E852-41F4-9D53-30EAC2A0197D}"
EndProject
Project("{FAE04EC0-301F-11D3-BF4B-00C04F79EFBC}") = "Mambaa", "Mambaa\Mambaa.csproj", "{574B4671-2998-44F8-A131-033AC8B01659}"
EndProject
Global
	GlobalSection(SolutionConfigurationPlatforms) = preSolution
		Debug|Any CPU = Debug|Any CPU
		Release|Any CPU = Release|Any CPU
	EndGlobalSection
	GlobalSection(ProjectConfigurationPlatforms) = postSolution
		{99A70A94-3AD4-4192-B61F-45DDE215BEF8}.Debug|Any CPU.ActiveCfg = Debug|Any CPU
		{99A70A94-3AD4-4192-B61F-45DDE215BEF8}.Debug|Any CPU.Build.0 = Debug|Any CPU
		{99A70A94-3AD4-4192-B61F-45DDE215BEF8}.Release|Any CPU.ActiveCfg = Release|Any CPU
		{99A70A94-3AD4-4192-B61F-45DDE215BEF8}.Release|Any CPU.Build.0 = Release|Any CPU
		{538F9E4C-CDCE-4C87-BBAD-3C40CDDAD326}.Debug|Any CPU.ActiveCfg = Debug|Any CPU
		{538F9E4C-CDCE-4C87-BBAD-3C40CDDAD326}.Debug|Any CPU.Build.0 = Debug|Any CPU
		{538F9E4C-CDCE-4C87-BBAD-3C40CDDAD326}.Release|Any CPU.ActiveCfg = Release|Any CPU
		{538F9E4C-CDCE-4C87-BBAD-3C40CDDAD326}.Release|Any CPU.Build.0 = Release|Any CPU
		{2955A68A-E852-41F4-9D53-30EAC2A0197D}.Debug|Any CPU.ActiveCfg = Debug|Any CPU
		{2955A68A-E852-41F4-9D53-30EAC2A0197D}.Debug|Any CPU.Build.0 = Debug|Any CPU
		{2955A68A-E852-41F4-9D53-30EAC2A0197D}.Release|Any CPU.ActiveCfg = Release|Any CPU
		{2955A68A-E852-41F4-9D53-30EAC2A0197D}.Release|Any CPU.Build.0 = Release|Any CPU
		{574B4671-2998-44F8-A131-033AC8B01659}.Debug|Any CPU.ActiveCfg = Debug|Any CPU
		{574B4671-2998-44F8-A131-033AC8B01659}.Debug|Any CPU.Build.0 = Debug|Any CPU
		{574B4671-2998-44F8-A131-033AC8B01659}.Release|Any CPU.ActiveCfg = Release|Any CPU
		{574B4671-2998-44F8-A131-033AC8B01659}.Release|Any CPU.Build.0 = Release|Any CPU
	EndGlobalSection
	GlobalSection(SolutionProperties) = preSolution
		HideSolutionNode = FALSE
	EndGlobalSection
	GlobalSection(NestedProjects) = preSolution
		{99A70A94-3AD4-4192-B61F-45DDE215BEF8} = {4AD9A930-DC80-4384-B2CC-EF57A63D4F7E}
		{538F9E4C-CDCE-4C87-BBAD-3C40CDDAD326} = {4AD9A930-DC80-4384-B2CC-EF57A63D4F7E}
		{2955A68A-E852-41F4-9D53-30EAC2A0197D} = {4AD9A930-DC80-4384-B2CC-EF57A63D4F7E}
		{574B4671-2998-44F8-A131-033AC8B01659} = {4AD9A930-DC80-4384-B2CC-EF57A63D4F7E}
	EndGlobalSection
	GlobalSection(ExtensibilityGlobals) = postSolution
		SolutionGuid = {DBB5C57C-6DEB-462C-8F80-70B3C9A48043}
	EndGlobalSection
EndGlobal
